github.com/Nevojt/dog v0.0.0-20250102195213-c094604e79bc h1:7P8HF+ZlrsA7mLcB01IMTUERBNG9FG93G1CVKH9Fm7U=
github.com/Nevojt/dog v0.0.0-20250102195213-c094604e79bc/go.mod h1:ioZ6mHXxyQFl2bDuY0b9WrIMsVBHOxiJgRRaLmT0AL0=
github.com/Nevojt/dog v0.0.0-20250102201211-5f29819354cc h1://21Q/sNfjyKt66l+lt8V5WtPyf1lWK5kN8LfLfzFPQ=
github.com/Nevojt/dog v0.0.0-20250102201211-5f29819354cc/go.mod h1:ioZ6mHXxyQFl2bDuY0b9WrIMsVBHOxiJgRRaLmT0AL0=
github.com/Nevojt/dog v1.1.1 h1:kY/2mPDjPND5Wcqp5RCpg7F2WpM0cImamjLBIbfrD+Q=
github.com/Nevojt/dog v1.1.1/go.mod h1:ioZ6mHXxyQFl2bDuY0b9WrIMsVBHOxiJgRRaLmT0AL0=
